
Microsoft Visual Studio Solution File, Format Version 12.00
# Visual Studio Version 17
VisualStudioVersion = 17.14.36616.10
MinimumVisualStudioVersion = 10.0.40219.1
Project("{54A90642-561A-4BB1-A94E-469ADEE60C69}") = "io_projekt_symulator.client", "io_projekt_symulator.client\io_projekt_symulator.client.esproj", "{C408C069-6A5A-9175-8E60-023716012871}"
EndProject
Project("{FAE04EC0-301F-11D3-BF4B-00C04F79EFBC}") = "IO_projekt_symulator.Server", "IO_projekt_symulator.Server\IO_projekt_symulator.Server.csproj", "{7A513744-E6E8-4E43-9DA7-FF144E67715C}"
EndProject
Project("{FAE04EC0-301F-11D3-BF4B-00C04F79EFBC}") = "IO_projekt_symulator.Tests", "IO_projekt_symulator.Tests\IO_projekt_symulator.Tests.csproj", "{E2E188A8-4540-4E4F-B739-90DFB4F1B183}"
EndProject
Global
	GlobalSection(SolutionConfigurationPlatforms) = preSolution
		Debug|Any CPU = Debug|Any CPU
		Release|Any CPU = Release|Any CPU
	EndGlobalSection
	GlobalSection(ProjectConfigurationPlatforms) = postSolution
		{C408C069-6A5A-9175-8E60-023716012871}.Debug|Any CPU.ActiveCfg = Debug|Any CPU
		{C408C069-6A5A-9175-8E60-023716012871}.Debug|Any CPU.Build.0 = Debug|Any CPU
		{C408C069-6A5A-9175-8E60-023716012871}.Release|Any CPU.ActiveCfg = Release|Any CPU
		{C408C069-6A5A-9175-8E60-023716012871}.Release|Any CPU.Build.0 = Release|Any CPU
		{C408C069-6A5A-9175-8E60-023716012871}.Release|Any CPU.Deploy.0 = Release|Any CPU
		{7A513744-E6E8-4E43-9DA7-FF144E67715C}.Debug|Any CPU.ActiveCfg = Debug|Any CPU
		{7A513744-E6E8-4E43-9DA7-FF144E67715C}.Debug|Any CPU.Build.0 = Debug|Any CPU
		{7A513744-E6E8-4E43-9DA7-FF144E67715C}.Release|Any CPU.ActiveCfg = Release|Any CPU
		{7A513744-E6E8-4E43-9DA7-FF144E67715C}.Release|Any CPU.Build.0 = Release|Any CPU
		{E2E188A8-4540-4E4F-B739-90DFB4F1B183}.Debug|Any CPU.ActiveCfg = Debug|Any CPU
		{E2E188A8-4540-4E4F-B739-90DFB4F1B183}.Debug|Any CPU.Build.0 = Debug|Any CPU
		{E2E188A8-4540-4E4F-B739-90DFB4F1B183}.Release|Any CPU.ActiveCfg = Release|Any CPU
		{E2E188A8-4540-4E4F-B739-90DFB4F1B183}.Release|Any CPU.Build.0 = Release|Any CPU
	EndGlobalSection
	GlobalSection(SolutionProperties) = preSolution
		HideSolutionNode = FALSE
	EndGlobalSection
	GlobalSection(ExtensibilityGlobals) = postSolution
		SolutionGuid = {0F0769B2-1607-4BA5-A41D-DD29955BD6A0}
	EndGlobalSection
EndGlobal
